
Microsoft Visual Studio Solution File, Format Version 12.00
# Visual Studio Version 17
VisualStudioVersion = 17.14.36915.13 d17.14
MinimumVisualStudioVersion = 10.0.40219.1
Project("{FAE04EC0-301F-11D3-BF4B-00C04F79EFBC}") = "Tegma", "Tegma.csproj", "{F332A324-AFB3-45DB-9A93-9AC635A25877}"
EndProject
Global
	GlobalSection(SolutionConfigurationPlatforms) = preSolution
		Debug|Any CPU = Debug|Any CPU
		Release|Any CPU = Release|Any CPU
	EndGlobalSection
	GlobalSection(ProjectConfigurationPlatforms) = postSolution
		{F332A324-AFB3-45DB-9A93-9AC635A25877}.Debug|Any CPU.ActiveCfg = Debug|Any CPU
		{F332A324-AFB3-45DB-9A93-9AC635A25877}.Debug|Any CPU.Build.0 = Debug|Any CPU
		{F332A324-AFB3-45DB-9A93-9AC635A25877}.Release|Any CPU.ActiveCfg = Release|Any CPU
		{F332A324-AFB3-45DB-9A93-9AC635A25877}.Release|Any CPU.Build.0 = Release|Any CPU
	EndGlobalSection
	GlobalSection(SolutionProperties) = preSolution
		HideSolutionNode = FALSE
	EndGlobalSection
	GlobalSection(ExtensibilityGlobals) = postSolution
		SolutionGuid = {6027A44A-53D4-41C0-AE1A-C5BD5D528B24}
	EndGlobalSection
EndGlobal
